
Microsoft Visual Studio Solution File, Format Version 12.00
# Visual Studio Version 17
VisualStudioVersion = 17.6.33815.320
MinimumVisualStudioVersion = 10.0.40219.1
Project("{FAE04EC0-301F-11D3-BF4B-00C04F79EFBC}") = "MagicVilla_VillaAPI", "MagicVilla_VillaAPI\MagicVilla_VillaAPI.csproj", "{0B134020-6D3C-4025-84B8-205C499792F4}"
EndProject
Project("{FAE04EC0-301F-11D3-BF4B-00C04F79EFBC}") = "MagicVilla_Web", "MagicVilla_Web\MagicVilla_Web.csproj", "{F66D15FE-EFE3-463A-A11E-4DD00717FCAF}"
EndProject
Project("{FAE04EC0-301F-11D3-BF4B-00C04F79EFBC}") = "MagicVilla_Utility", "MagicVilla_Utility\MagicVilla_Utility.csproj", "{CAE4EA60-9309-4B1B-BE1D-761D76796789}"
EndProject
Global
	GlobalSection(SolutionConfigurationPlatforms) = preSolution
		Debug|Any CPU = Debug|Any CPU
		Release|Any CPU = Release|Any CPU
	EndGlobalSection
	GlobalSection(ProjectConfigurationPlatforms) = postSolution
		{0B134020-6D3C-4025-84B8-205C499792F4}.Debug|Any CPU.ActiveCfg = Debug|Any CPU
		{0B134020-6D3C-4025-84B8-205C499792F4}.Debug|Any CPU.Build.0 = Debug|Any CPU
		{0B134020-6D3C-4025-84B8-205C499792F4}.Release|Any CPU.ActiveCfg = Release|Any CPU
		{0B134020-6D3C-4025-84B8-205C499792F4}.Release|Any CPU.Build.0 = Release|Any CPU
		{F66D15FE-EFE3-463A-A11E-4DD00717FCAF}.Debug|Any CPU.ActiveCfg = Debug|Any CPU
		{F66D15FE-EFE3-463A-A11E-4DD00717FCAF}.Debug|Any CPU.Build.0 = Debug|Any CPU
		{F66D15FE-EFE3-463A-A11E-4DD00717FCAF}.Release|Any CPU.ActiveCfg = Release|Any CPU
		{F66D15FE-EFE3-463A-A11E-4DD00717FCAF}.Release|Any CPU.Build.0 = Release|Any CPU
		{CAE4EA60-9309-4B1B-BE1D-761D76796789}.Debug|Any CPU.ActiveCfg = Debug|Any CPU
		{CAE4EA60-9309-4B1B-BE1D-761D76796789}.Debug|Any CPU.Build.0 = Debug|Any CPU
		{CAE4EA60-9309-4B1B-BE1D-761D76796789}.Release|Any CPU.ActiveCfg = Release|Any CPU
		{CAE4EA60-9309-4B1B-BE1D-761D76796789}.Release|Any CPU.Build.0 = Release|Any CPU
	EndGlobalSection
	GlobalSection(SolutionProperties) = preSolution
		HideSolutionNode = FALSE
	EndGlobalSection
	GlobalSection(ExtensibilityGlobals) = postSolution
		SolutionGuid = {636C7963-9E05-438E-838B-10EAA82BEF76}
	EndGlobalSection
EndGlobal
